<?xml version="1.0" encoding="utf-8"?>
<Project ToolsVersion="4.0" xmlns="http://schemas.microsoft.com/developer/msbuild/2003">
  <ItemGroup>
    <Filter Include="源文件">
      <UniqueIdentifier>{4FC737F1-C7A5-4376-A066-2A32D752A2FF}</UniqueIdentifier>
      <Extensions>cpp;c;cc;cxx;def;odl;idl;hpj;bat;asm;asmx</Extensions>
    </Filter>
    <Filter Include="头文件">
      <UniqueIdentifier>{93995380-89BD-4b04-88EB-625FBE52EBFB}</UniqueIdentifier>
      <Extensions>h;hpp;hxx;hm;inl;inc;xsd</Extensions>
    </Filter>
    <Filter Include="资源文件">
      <UniqueIdentifier>{67DA6AB6-F800-4c08-8B7A-83BB121AAD01}</UniqueIdentifier>
      <Extensions>rc;ico;cur;bmp;dlg;rc2;rct;bin;rgs;gif;jpg;jpeg;jpe;resx;tiff;tif;png;wav;mfcribbon-ms</Extensions>
    </Filter>
  </ItemGroup>
  <ItemGroup>
    <ClCompile Include="leetcode-Non-decreasing Array.cpp">
      <Filter>源文件</Filter>
    </ClCompile>
    <ClCompile Include="leetcode-Path Sum IV.cpp">
      <Filter>源文件</Filter>
    </ClCompile>
    <ClCompile Include="leetcode-Beautiful Arrangement II.cpp">
      <Filter>源文件</Filter>
    </ClCompile>
    <ClCompile Include="leetcode-Kth largest Number in Multiplication Table.cpp">
      <Filter>源文件</Filter>
    </ClCompile>
    <ClCompile Include="codeforce-832B Petya and Exam.cpp">
      <Filter>源文件</Filter>
    </ClCompile>
    <ClCompile Include="codeforce-844B Rectangles.cpp">
      <Filter>源文件</Filter>
    </ClCompile>
    <ClCompile Include="codeforce-844C Sorting by Subsequences.cpp">
      <Filter>源文件</Filter>
    </ClCompile>
    <ClCompile Include="codeforce-844A Diversity.cpp">
      <Filter>源文件</Filter>
    </ClCompile>
    <ClCompile Include="codeforce-825E Minimal Labels.cpp">
      <Filter>源文件</Filter>
    </ClCompile>
    <ClCompile Include="codeforce-825D Suitable Replacement.cpp">
      <Filter>源文件</Filter>
    </ClCompile>
    <ClCompile Include="hihocoder-希尔伯特曲线.cpp">
      <Filter>源文件</Filter>
    </ClCompile>
    <ClCompile Include="hihocoder-有序01字符串.cpp">
      <Filter>源文件</Filter>
    </ClCompile>
    <ClCompile Include="hihocoder-回文字符串.cpp">
      <Filter>源文件</Filter>
    </ClCompile>
    <ClCompile Include="hihocoder-压缩字符串.cpp">
      <Filter>源文件</Filter>
    </ClCompile>
    <ClCompile Include="hihocoder-小Hi的烦恼%28bitset%29.cpp">
      <Filter>源文件</Filter>
    </ClCompile>
    <ClCompile Include="hihocoder-H国的身份证号码I.cpp">
      <Filter>源文件</Filter>
    </ClCompile>
    <ClCompile Include="hihocoder-区间求差.cpp">
      <Filter>源文件</Filter>
    </ClCompile>
    <ClCompile Include="hihocoder-股票价格(set and multiset).cpp">
      <Filter>源文件</Filter>
    </ClCompile>
    <ClCompile Include="hihocoder-穿越进去.cpp">
      <Filter>源文件</Filter>
    </ClCompile>
    <ClCompile Include="hihocoder-任务分配.cpp">
      <Filter>源文件</Filter>
    </ClCompile>
    <ClCompile Include="hihocoder-二进制小数.cpp">
      <Filter>源文件</Filter>
    </ClCompile>
    <ClCompile Include="hihocoder-非法二进制数.cpp">
      <Filter>源文件</Filter>
    </ClCompile>
    <ClCompile Include="hihocoder-区域周长.cpp">
      <Filter>源文件</Filter>
    </ClCompile>
    <ClCompile Include="hihocoder-A Box of Coins.cpp">
      <Filter>源文件</Filter>
    </ClCompile>
    <ClCompile Include="hihocoder-Queen Attack.cpp">
      <Filter>源文件</Filter>
    </ClCompile>
    <ClCompile Include="hihocoder-顺序三元组.cpp">
      <Filter>源文件</Filter>
    </ClCompile>
    <ClCompile Include="codeforces-433A Fraction.cpp">
      <Filter>源文件</Filter>
    </ClCompile>
    <ClCompile Include="codeforces-433B Maxim Buys an Apartment.cpp">
      <Filter>源文件</Filter>
    </ClCompile>
    <ClCompile Include="hihocoder-数组重排.cpp">
      <Filter>源文件</Filter>
    </ClCompile>
    <ClCompile Include="leetcode-Odd Even Linked List.cpp">
      <Filter>源文件</Filter>
    </ClCompile>
    <ClCompile Include="leetcode-Delete Node in a Linked List.cpp">
      <Filter>源文件</Filter>
    </ClCompile>
    <ClCompile Include="leetcode-Palindrome Linked List.cpp">
      <Filter>源文件</Filter>
    </ClCompile>
  </ItemGroup>
</Project>